
Microsoft Visual Studio Solution File, Format Version 12.00
# Visual Studio Version 17
VisualStudioVersion = 17.11.35431.28
MinimumVisualStudioVersion = 10.0.40219.1
Project("{888888A0-9F3D-457C-B088-3A5042F75D52}") = "portfolioProject", "portfolioProject.pyproj", "{198A075A-E14D-452F-BD03-CACA70113E7E}"
EndProject
Global
	GlobalSection(SolutionConfigurationPlatforms) = preSolution
		Debug|Any CPU = Debug|Any CPU
		Release|Any CPU = Release|Any CPU
	EndGlobalSection
	GlobalSection(ProjectConfigurationPlatforms) = postSolution
		{198A075A-E14D-452F-BD03-CACA70113E7E}.Debug|Any CPU.ActiveCfg = Debug|Any CPU
		{198A075A-E14D-452F-BD03-CACA70113E7E}.Debug|Any CPU.Build.0 = Debug|Any CPU
		{198A075A-E14D-452F-BD03-CACA70113E7E}.Release|Any CPU.ActiveCfg = Release|Any CPU
		{198A075A-E14D-452F-BD03-CACA70113E7E}.Release|Any CPU.Build.0 = Release|Any CPU
	EndGlobalSection
	GlobalSection(SolutionProperties) = preSolution
		HideSolutionNode = FALSE
	EndGlobalSection
	GlobalSection(ExtensibilityGlobals) = postSolution
		SolutionGuid = {6AF11D9A-D1F5-44BE-BA6C-82A4C9AED05F}
	EndGlobalSection
EndGlobal
